<?xml version="1.0" encoding="utf-8"?>
<Project ToolsVersion="4.0" xmlns="http://schemas.microsoft.com/developer/msbuild/2003">
  <ItemGroup>
    <Filter Include="Fichiers sources">
      <UniqueIdentifier>{4FC737F1-C7A5-4376-A066-2A32D752A2FF}</UniqueIdentifier>
      <Extensions>cpp;c;cc;cxx;def;odl;idl;hpj;bat;asm;asmx</Extensions>
    </Filter>
    <Filter Include="Fichiers d%27en-tête">
      <UniqueIdentifier>{93995380-89BD-4b04-88EB-625FBE52EBFB}</UniqueIdentifier>
      <Extensions>h;hh;hpp;hxx;hm;inl;inc;xsd</Extensions>
    </Filter>
    <Filter Include="Fichiers de ressources">
      <UniqueIdentifier>{67DA6AB6-F800-4c08-8B7A-83BB121AAD01}</UniqueIdentifier>
      <Extensions>rc;ico;cur;bmp;dlg;rc2;rct;bin;rgs;gif;jpg;jpeg;jpe;resx;tiff;tif;png;wav;mfcribbon-ms</Extensions>
    </Filter>
    <Filter Include="Fichiers d%27en-tête\Transformation">
      <UniqueIdentifier>{05b46344-124c-4c8c-8926-5df1e419a713}</UniqueIdentifier>
    </Filter>
    <Filter Include="Fichiers sources\Transformation">
      <UniqueIdentifier>{752a1298-c9e7-4103-99c0-954189f5dbfd}</UniqueIdentifier>
    </Filter>
    <Filter Include="Fichiers sources\StockageImage">
      <UniqueIdentifier>{0b5454e9-e643-4963-9eec-cf5179bc4b33}</UniqueIdentifier>
    </Filter>
    <Filter Include="Fichiers d%27en-tête\Animations">
      <UniqueIdentifier>{04ed0cb4-1389-48fd-bfa1-4cffca1ede75}</UniqueIdentifier>
    </Filter>
    <Filter Include="Fichiers sources\Animations">
      <UniqueIdentifier>{ee857eab-e223-4a77-9cf7-aa785d903702}</UniqueIdentifier>
    </Filter>
    <Filter Include="Fichiers sources\Conteneur">
      <UniqueIdentifier>{213be331-d7b4-43d1-908e-78419c66ba04}</UniqueIdentifier>
    </Filter>
    <Filter Include="Fichiers d%27en-tête\Stockage Texture">
      <UniqueIdentifier>{67e99333-922c-4af1-9d51-5ffc381ab813}</UniqueIdentifier>
    </Filter>
    <Filter Include="Fichiers d%27en-tête\Conteneur Animation">
      <UniqueIdentifier>{0da392c6-dc79-4d56-a59c-051898d3c3dc}</UniqueIdentifier>
    </Filter>
  </ItemGroup>
  <ItemGroup>
    <ClCompile Include="Main_test.cpp">
      <Filter>Fichiers sources</Filter>
    </ClCompile>
    <ClCompile Include="TimeAnim.cpp">
      <Filter>Fichiers sources</Filter>
    </ClCompile>
    <ClCompile Include="ResizeRectTransformation.cpp">
      <Filter>Fichiers sources\Transformation</Filter>
    </ClCompile>
    <ClCompile Include="RotationTransformation.cpp">
      <Filter>Fichiers sources\Transformation</Filter>
    </ClCompile>
    <ClCompile Include="Transformaton.cpp">
      <Filter>Fichiers sources\Transformation</Filter>
    </ClCompile>
    <ClCompile Include="TranslationTransformation.cpp">
      <Filter>Fichiers sources\Transformation</Filter>
    </ClCompile>
    <ClCompile Include="LinearTransformation.cpp">
      <Filter>Fichiers sources\Transformation</Filter>
    </ClCompile>
    <ClCompile Include="Tile.cpp">
      <Filter>Fichiers sources\StockageImage</Filter>
    </ClCompile>
    <ClCompile Include="PersonalAnimationManager.cpp">
      <Filter>Fichiers sources\Conteneur</Filter>
    </ClCompile>
    <ClCompile Include="DrawableObject.cpp">
      <Filter>Fichiers sources\Conteneur</Filter>
    </ClCompile>
    <ClCompile Include="AnimationPerTile.cpp">
      <Filter>Fichiers sources\Animations</Filter>
    </ClCompile>
    <ClCompile Include="TextureArray.cpp">
      <Filter>Fichiers sources\StockageImage</Filter>
    </ClCompile>
    <ClCompile Include="TextureContainer.cpp">
      <Filter>Fichiers sources\StockageImage</Filter>
    </ClCompile>
    <ClCompile Include="Animation.cpp">
      <Filter>Fichiers sources\Animations</Filter>
    </ClCompile>
    <ClCompile Include="AnimationPerTextureArray.cpp">
      <Filter>Fichiers sources\Animations</Filter>
    </ClCompile>
  </ItemGroup>
  <ItemGroup>
    <ClInclude Include="TimeAnim.hpp">
      <Filter>Fichiers d%27en-tête</Filter>
    </ClInclude>
    <ClInclude Include="TextureLoader.hpp">
      <Filter>Fichiers d%27en-tête</Filter>
    </ClInclude>
    <ClInclude Include="LinearTransformation.hpp">
      <Filter>Fichiers d%27en-tête\Transformation</Filter>
    </ClInclude>
    <ClInclude Include="RotationTransformation.hpp">
      <Filter>Fichiers d%27en-tête\Transformation</Filter>
    </ClInclude>
    <ClInclude Include="ResizeRectTransformation.hpp">
      <Filter>Fichiers d%27en-tête\Transformation</Filter>
    </ClInclude>
    <ClInclude Include="Transformation.hpp">
      <Filter>Fichiers d%27en-tête\Transformation</Filter>
    </ClInclude>
    <ClInclude Include="TranslationTransformation.hpp">
      <Filter>Fichiers d%27en-tête\Transformation</Filter>
    </ClInclude>
    <ClInclude Include="Tile.hpp">
      <Filter>Fichiers d%27en-tête\Stockage Texture</Filter>
    </ClInclude>
    <ClInclude Include="PersonalAnimationManager.hpp">
      <Filter>Fichiers d%27en-tête\Conteneur Animation</Filter>
    </ClInclude>
    <ClInclude Include="DrawableObject.hpp">
      <Filter>Fichiers d%27en-tête\Conteneur Animation</Filter>
    </ClInclude>
    <ClInclude Include="AnimationPerTile.hpp">
      <Filter>Fichiers d%27en-tête\Animations</Filter>
    </ClInclude>
    <ClInclude Include="TextureArray.hpp">
      <Filter>Fichiers d%27en-tête\Stockage Texture</Filter>
    </ClInclude>
    <ClInclude Include="TextureContainer.hpp">
      <Filter>Fichiers d%27en-tête\Stockage Texture</Filter>
    </ClInclude>
    <ClInclude Include="Animation.hpp">
      <Filter>Fichiers d%27en-tête\Animations</Filter>
    </ClInclude>
    <ClInclude Include="AnimationPerTextureArray.hpp">
      <Filter>Fichiers d%27en-tête\Animations</Filter>
    </ClInclude>
  </ItemGroup>
  <ItemGroup>
    <Image Include="img\feu_1.png">
      <Filter>Fichiers de ressources</Filter>
    </Image>
    <Image Include="img\feu_2.png">
      <Filter>Fichiers de ressources</Filter>
    </Image>
    <Image Include="img\feu_3.png">
      <Filter>Fichiers de ressources</Filter>
    </Image>
  </ItemGroup>
</Project>